
Microsoft Visual Studio Solution File, Format Version 12.00
# Visual Studio Version 16
VisualStudioVersion = 25.0.1706.4
MinimumVisualStudioVersion = 10.0.40219.1
Project("{FAE04EC0-301F-11D3-BF4B-00C04F79EFBC}") = "P5", "P5.csproj", "{4AA5FBFA-8125-4036-8AF2-BA74A3BE1DB3}"
EndProject
Global
	GlobalSection(SolutionConfigurationPlatforms) = preSolution
		Debug|Any CPU = Debug|Any CPU
		Release|Any CPU = Release|Any CPU
	EndGlobalSection
	GlobalSection(ProjectConfigurationPlatforms) = postSolution
		{4AA5FBFA-8125-4036-8AF2-BA74A3BE1DB3}.Debug|Any CPU.ActiveCfg = Debug|Any CPU
		{4AA5FBFA-8125-4036-8AF2-BA74A3BE1DB3}.Debug|Any CPU.Build.0 = Debug|Any CPU
		{4AA5FBFA-8125-4036-8AF2-BA74A3BE1DB3}.Release|Any CPU.ActiveCfg = Release|Any CPU
		{4AA5FBFA-8125-4036-8AF2-BA74A3BE1DB3}.Release|Any CPU.Build.0 = Release|Any CPU
	EndGlobalSection
	GlobalSection(SolutionProperties) = preSolution
		HideSolutionNode = FALSE
	EndGlobalSection
	GlobalSection(ExtensibilityGlobals) = postSolution
		SolutionGuid = {F463024A-5395-4C8C-AA7D-255B9DA6FA80}
	EndGlobalSection
EndGlobal
