
Microsoft Visual Studio Solution File, Format Version 12.00
# Visual Studio Version 16
VisualStudioVersion = 25.0.1706.4
MinimumVisualStudioVersion = 10.0.40219.1
Project("{FAE04EC0-301F-11D3-BF4B-00C04F79EFBC}") = "P3UnitTest", "P3UnitTest.csproj", "{88977333-2BC1-4905-BD9E-603C3937456A}"
EndProject
Project("{FAE04EC0-301F-11D3-BF4B-00C04F79EFBC}") = "P3", "..\P3\P3.csproj", "{8ADD85E6-CB5A-451B-8E43-22A04EB36E89}"
EndProject
Global
	GlobalSection(SolutionConfigurationPlatforms) = preSolution
		Debug|Any CPU = Debug|Any CPU
		Release|Any CPU = Release|Any CPU
	EndGlobalSection
	GlobalSection(ProjectConfigurationPlatforms) = postSolution
		{88977333-2BC1-4905-BD9E-603C3937456A}.Debug|Any CPU.ActiveCfg = Debug|Any CPU
		{88977333-2BC1-4905-BD9E-603C3937456A}.Debug|Any CPU.Build.0 = Debug|Any CPU
		{88977333-2BC1-4905-BD9E-603C3937456A}.Release|Any CPU.ActiveCfg = Release|Any CPU
		{88977333-2BC1-4905-BD9E-603C3937456A}.Release|Any CPU.Build.0 = Release|Any CPU
		{8ADD85E6-CB5A-451B-8E43-22A04EB36E89}.Debug|Any CPU.ActiveCfg = Debug|Any CPU
		{8ADD85E6-CB5A-451B-8E43-22A04EB36E89}.Debug|Any CPU.Build.0 = Debug|Any CPU
		{8ADD85E6-CB5A-451B-8E43-22A04EB36E89}.Release|Any CPU.ActiveCfg = Release|Any CPU
		{8ADD85E6-CB5A-451B-8E43-22A04EB36E89}.Release|Any CPU.Build.0 = Release|Any CPU
	EndGlobalSection
	GlobalSection(SolutionProperties) = preSolution
		HideSolutionNode = FALSE
	EndGlobalSection
	GlobalSection(ExtensibilityGlobals) = postSolution
		SolutionGuid = {8650B75E-0D09-405E-9C0F-61E3D61A0F95}
	EndGlobalSection
EndGlobal
